
Microsoft Visual Studio Solution File, Format Version 12.00
# Visual Studio Version 17
VisualStudioVersion = 17.14.36221.1
MinimumVisualStudioVersion = 10.0.40219.1
Project("{FAE04EC0-301F-11D3-BF4B-00C04F79EFBC}") = "CompanyPriceTracker.Domain", "Core\CompanyPriceTracker.Domain\CompanyPriceTracker.Domain.csproj", "{30DFD275-66D1-4F13-8998-EDEF5D288170}"
EndProject
Project("{FAE04EC0-301F-11D3-BF4B-00C04F79EFBC}") = "CompanyPriceTracker.Application", "Core\CompanyPriceTracker.Application\CompanyPriceTracker.Application.csproj", "{E50AC790-A18F-4465-8CDF-834F0EFC847D}"
EndProject
Project("{FAE04EC0-301F-11D3-BF4B-00C04F79EFBC}") = "CompanyPriceTracker.Infrastructure", "Infrastructure\CompanyPriceTracker.Infrastructure\CompanyPriceTracker.Infrastructure.csproj", "{DD0BF2B0-0DAD-40CC-8028-2BDB8E80A5B4}"
EndProject
Project("{FAE04EC0-301F-11D3-BF4B-00C04F79EFBC}") = "CompanyPriceTracker.Persistence", "Infrastructure\CompanyPriceTracker.Persistence\CompanyPriceTracker.Persistence.csproj", "{C664F1C4-7837-46DB-B4D6-F66ECABC9638}"
EndProject
Project("{FAE04EC0-301F-11D3-BF4B-00C04F79EFBC}") = "CompanyPriceTracker.API", "Presentation\CompanyPriceTracker.API\CompanyPriceTracker.API.csproj", "{7F7E786D-8E53-42DD-A273-6E7AD861510F}"
EndProject
Global
	GlobalSection(SolutionConfigurationPlatforms) = preSolution
		Debug|Any CPU = Debug|Any CPU
		Release|Any CPU = Release|Any CPU
	EndGlobalSection
	GlobalSection(ProjectConfigurationPlatforms) = postSolution
		{30DFD275-66D1-4F13-8998-EDEF5D288170}.Debug|Any CPU.ActiveCfg = Debug|Any CPU
		{30DFD275-66D1-4F13-8998-EDEF5D288170}.Debug|Any CPU.Build.0 = Debug|Any CPU
		{30DFD275-66D1-4F13-8998-EDEF5D288170}.Release|Any CPU.ActiveCfg = Release|Any CPU
		{30DFD275-66D1-4F13-8998-EDEF5D288170}.Release|Any CPU.Build.0 = Release|Any CPU
		{E50AC790-A18F-4465-8CDF-834F0EFC847D}.Debug|Any CPU.ActiveCfg = Debug|Any CPU
		{E50AC790-A18F-4465-8CDF-834F0EFC847D}.Debug|Any CPU.Build.0 = Debug|Any CPU
		{E50AC790-A18F-4465-8CDF-834F0EFC847D}.Release|Any CPU.ActiveCfg = Release|Any CPU
		{E50AC790-A18F-4465-8CDF-834F0EFC847D}.Release|Any CPU.Build.0 = Release|Any CPU
		{DD0BF2B0-0DAD-40CC-8028-2BDB8E80A5B4}.Debug|Any CPU.ActiveCfg = Debug|Any CPU
		{DD0BF2B0-0DAD-40CC-8028-2BDB8E80A5B4}.Debug|Any CPU.Build.0 = Debug|Any CPU
		{DD0BF2B0-0DAD-40CC-8028-2BDB8E80A5B4}.Release|Any CPU.ActiveCfg = Release|Any CPU
		{DD0BF2B0-0DAD-40CC-8028-2BDB8E80A5B4}.Release|Any CPU.Build.0 = Release|Any CPU
		{C664F1C4-7837-46DB-B4D6-F66ECABC9638}.Debug|Any CPU.ActiveCfg = Debug|Any CPU
		{C664F1C4-7837-46DB-B4D6-F66ECABC9638}.Debug|Any CPU.Build.0 = Debug|Any CPU
		{C664F1C4-7837-46DB-B4D6-F66ECABC9638}.Release|Any CPU.ActiveCfg = Release|Any CPU
		{C664F1C4-7837-46DB-B4D6-F66ECABC9638}.Release|Any CPU.Build.0 = Release|Any CPU
		{7F7E786D-8E53-42DD-A273-6E7AD861510F}.Debug|Any CPU.ActiveCfg = Debug|Any CPU
		{7F7E786D-8E53-42DD-A273-6E7AD861510F}.Debug|Any CPU.Build.0 = Debug|Any CPU
		{7F7E786D-8E53-42DD-A273-6E7AD861510F}.Release|Any CPU.ActiveCfg = Release|Any CPU
		{7F7E786D-8E53-42DD-A273-6E7AD861510F}.Release|Any CPU.Build.0 = Release|Any CPU
	EndGlobalSection
	GlobalSection(SolutionProperties) = preSolution
		HideSolutionNode = FALSE
	EndGlobalSection
	GlobalSection(ExtensibilityGlobals) = postSolution
		SolutionGuid = {EEB60221-27A5-4594-A3CA-00D7E2322054}
	EndGlobalSection
EndGlobal
